
Microsoft Visual Studio Solution File, Format Version 12.00
# Visual Studio 14
VisualStudioVersion = 14.0.25123.0
MinimumVisualStudioVersion = 10.0.40219.1
Project("{FAE04EC0-301F-11D3-BF4B-00C04F79EFBC}") = "CacheVisualization", "CacheVisualization.csproj", "{9C06603D-5E6B-4079-841B-5A7786EAB03B}"
EndProject
Global
	GlobalSection(SolutionConfigurationPlatforms) = preSolution
		Debug|Any CPU = Debug|Any CPU
		Release|Any CPU = Release|Any CPU
	EndGlobalSection
	GlobalSection(ProjectConfigurationPlatforms) = postSolution
		{9C06603D-5E6B-4079-841B-5A7786EAB03B}.Debug|Any CPU.ActiveCfg = Debug|Any CPU
		{9C06603D-5E6B-4079-841B-5A7786EAB03B}.Debug|Any CPU.Build.0 = Debug|Any CPU
		{9C06603D-5E6B-4079-841B-5A7786EAB03B}.Release|Any CPU.ActiveCfg = Release|Any CPU
		{9C06603D-5E6B-4079-841B-5A7786EAB03B}.Release|Any CPU.Build.0 = Release|Any CPU
	EndGlobalSection
	GlobalSection(SolutionProperties) = preSolution
		HideSolutionNode = FALSE
	EndGlobalSection
EndGlobal
